# THIS IS AN AUTOGENERATED FILE. DO NOT EDIT THIS FILE DIRECTLY.
# yarn lockfile v1


turbo-darwin-64@1.7.4:
  version "1.7.4"
  resolved "https://registry.yarnpkg.com/turbo-darwin-64/-/turbo-darwin-64-1.7.4.tgz#0fd34f6ce8646b1a9cb543bf0e528b8c1d2af9de"
  integrity sha512-ZyYrQlUl8K/mYN1e6R7bEhPPYjMakz0DYMaexkyD7TAijQtWmTSd4a+I7VknOYNEssnUZ/v41GU3gPV1JAzxxQ==

turbo-darwin-arm64@1.7.4:
  version "1.7.4"
  resolved "https://registry.yarnpkg.com/turbo-darwin-arm64/-/turbo-darwin-arm64-1.7.4.tgz#38a0f3edc6c336c98a414bec8238e294ad650ea7"
  integrity sha512-CKIXg9uqp1a+Yeq/c4U0alPOqvwLUq5SBZf1PGYhGqJsfG0fRBtJfkUjHuBsuJIOGXg8rCmcGSWGIsIF6fqYuw==

turbo-linux-64@1.7.4:
  version "1.7.4"
  resolved "https://registry.yarnpkg.com/turbo-linux-64/-/turbo-linux-64-1.7.4.tgz#af17111cf905d4c3ee77edcd9dd91315962b339d"
  integrity sha512-RIUl4RUFFyzD2T024vL7509Ygwcw+SEa8NOwPfaN6TtJHK7RZV/SBP3fLNVOptG9WRLnOWX3OvsLMbiOqDLLyA==

turbo-linux-arm64@1.7.4:
  version "1.7.4"
  resolved "https://registry.yarnpkg.com/turbo-linux-arm64/-/turbo-linux-arm64-1.7.4.tgz#ce20af2a0875b8d204c88d98262b2d434716d548"
  integrity sha512-Bg65F0AjYYYxqE6RPf2H5TIGuA/EyWMeGOATHVSZOWAbYcnG3Ly03GZii8AHnUi7ntWBdjwvXf/QbOS1ayNB6A==

turbo-windows-64@1.7.4:
  version "1.7.4"
  resolved "https://registry.yarnpkg.com/turbo-windows-64/-/turbo-windows-64-1.7.4.tgz#1e83d0c2efb9a3081cbbc0a03ed7ce162b774354"
  integrity sha512-rTaV50XZ2BRxRHOHqt1UsWfeDmYLbn8UKE6g2D2ED+uW+kmnTvR9s01nmlGWd2sAuWcRYQyQ2V+O09VfKPKcQw==

turbo-windows-arm64@1.7.4:
  version "1.7.4"
  resolved "https://registry.yarnpkg.com/turbo-windows-arm64/-/turbo-windows-arm64-1.7.4.tgz#7b18118aebf595283787c5c269ced64b0d5f947f"
  integrity sha512-h8sxdKPvHTnWUPtwnYszFMmSO0P/iUUwmYY9n7iYThA71zSao28UeZ0H0Gw75cY3MPjvkjn2C4EBAUGPjuZJLw==

turbo@latest:
  version "1.7.4"
  resolved "https://registry.yarnpkg.com/turbo/-/turbo-1.7.4.tgz#7a8cc107737dd1740732ff17d8133cb1313a4576"
  integrity sha512-8RLedDoUL0kkVKWEZ/RMM70BvKLyDFen06QuKKhYC2XNOfNKqFDqzIdcY/vGick869bNIWalChoy4O07k0HLsA==
  optionalDependencies:
    turbo-darwin-64 "1.7.4"
    turbo-darwin-arm64 "1.7.4"
    turbo-linux-64 "1.7.4"
    turbo-linux-arm64 "1.7.4"
    turbo-windows-64 "1.7.4"
    turbo-windows-arm64 "1.7.4"
